// !$*UTF8*$!
{
	archiveVersion = 1;
	classes = {
	};
	objectVersion = 56;
	objects = {

/* Begin PBXBuildFile section */
		820F05AC288ECF3900E690E7 /* EnvironmentSetupApp.swift in Sources */ = {isa = PBXBuildFile; fileRef = 820F05AB288ECF3900E690E7 /* EnvironmentSetupApp.swift */; };
		820F05AE288ECF3900E690E7 /* Persistence.swift in Sources */ = {isa = PBXBuildFile; fileRef = 820F05AD288ECF3900E690E7 /* Persistence.swift */; };
		820F05B1288ECF3900E690E7 /* EnvironmentSetup.xcdatamodeld in Sources */ = {isa = PBXBuildFile; fileRef = 820F05AF288ECF3900E690E7 /* EnvironmentSetup.xcdatamodeld */; };
		820F05B3288ECF3900E690E7 /* ContentView.swift in Sources */ = {isa = PBXBuildFile; fileRef = 820F05B2288ECF3900E690E7 /* ContentView.swift */; };
		820F05B5288ECF3A00E690E7 /* Assets.xcassets in Resources */ = {isa = PBXBuildFile; fileRef = 820F05B4288ECF3A00E690E7 /* Assets.xcassets */; };
		820F05B9288ECF3A00E690E7 /* Preview Assets.xcassets in Resources */ = {isa = PBXBuildFile; fileRef = 820F05B8288ECF3A00E690E7 /* Preview Assets.xcassets */; };
		820F05C3288ECF3B00E690E7 /* EnvironmentSetupTests.swift in Sources */ = {isa = PBXBuildFile; fileRef = 820F05C2288ECF3B00E690E7 /* EnvironmentSetupTests.swift */; };
		820F05CD288ECF3B00E690E7 /* EnvironmentSetupUITests.swift in Sources */ = {isa = PBXBuildFile; fileRef = 820F05CC288ECF3B00E690E7 /* EnvironmentSetupUITests.swift */; };
		820F05CF288ECF3B00E690E7 /* EnvironmentSetupUITestsLaunchTests.swift in Sources */ = {isa = PBXBuildFile; fileRef = 820F05CE288ECF3B00E690E7 /* EnvironmentSetupUITestsLaunchTests.swift */; };
/* End PBXBuildFile section */

/* Begin PBXContainerItemProxy section */
		820F05BF288ECF3B00E690E7 /* PBXContainerItemProxy */ = {
			isa = PBXContainerItemProxy;
			containerPortal = 820F05A0288ECF3900E690E7 /* Project object */;
			proxyType = 1;
			remoteGlobalIDString = 820F05A7288ECF3900E690E7;
			remoteInfo = EnvironmentSetup;
		};
		820F05C9288ECF3B00E690E7 /* PBXContainerItemProxy */ = {
			isa = PBXContainerItemProxy;
			containerPortal = 820F05A0288ECF3900E690E7 /* Project object */;
			proxyType = 1;
			remoteGlobalIDString = 820F05A7288ECF3900E690E7;
			remoteInfo = EnvironmentSetup;
		};
/* End PBXContainerItemProxy section */

/* Begin PBXFileReference section */
		820F05A8288ECF3900E690E7 /* EnvironmentSetup.app */ = {isa = PBXFileReference; explicitFileType = wrapper.application; includeInIndex = 0; path = EnvironmentSetup.app; sourceTree = BUILT_PRODUCTS_DIR; };
		820F05AB288ECF3900E690E7 /* EnvironmentSetupApp.swift */ = {isa = PBXFileReference; lastKnownFileType = sourcecode.swift; path = EnvironmentSetupApp.swift; sourceTree = "<group>"; };
		820F05AD288ECF3900E690E7 /* Persistence.swift */ = {isa = PBXFileReference; lastKnownFileType = sourcecode.swift; path = Persistence.swift; sourceTree = "<group>"; };
		820F05B0288ECF3900E690E7 /* EnvironmentSetup.xcdatamodel */ = {isa = PBXFileReference; lastKnownFileType = wrapper.xcdatamodel; path = EnvironmentSetup.xcdatamodel; sourceTree = "<group>"; };
		820F05B2288ECF3900E690E7 /* ContentView.swift */ = {isa = PBXFileReference; lastKnownFileType = sourcecode.swift; path = ContentView.swift; sourceTree = "<group>"; };
		820F05B4288ECF3A00E690E7 /* Assets.xcassets */ = {isa = PBXFileReference; lastKnownFileType = folder.assetcatalog; path = Assets.xcassets; sourceTree = "<group>"; };
		820F05B6288ECF3A00E690E7 /* EnvironmentSetup.entitlements */ = {isa = PBXFileReference; lastKnownFileType = text.plist.entitlements; path = EnvironmentSetup.entitlements; sourceTree = "<group>"; };
		820F05B8288ECF3A00E690E7 /* Preview Assets.xcassets */ = {isa = PBXFileReference; lastKnownFileType = folder.assetcatalog; path = "Preview Assets.xcassets"; sourceTree = "<group>"; };
		820F05BE288ECF3B00E690E7 /* EnvironmentSetupTests.xctest */ = {isa = PBXFileReference; explicitFileType = wrapper.cfbundle; includeInIndex = 0; path = EnvironmentSetupTests.xctest; sourceTree = BUILT_PRODUCTS_DIR; };
		820F05C2288ECF3B00E690E7 /* EnvironmentSetupTests.swift */ = {isa = PBXFileReference; lastKnownFileType = sourcecode.swift; path = EnvironmentSetupTests.swift; sourceTree = "<group>"; };
		820F05C8288ECF3B00E690E7 /* EnvironmentSetupUITests.xctest */ = {isa = PBXFileReference; explicitFileType = wrapper.cfbundle; includeInIndex = 0; path = EnvironmentSetupUITests.xctest; sourceTree = BUILT_PRODUCTS_DIR; };
		820F05CC288ECF3B00E690E7 /* EnvironmentSetupUITests.swift */ = {isa = PBXFileReference; lastKnownFileType = sourcecode.swift; path = EnvironmentSetupUITests.swift; sourceTree = "<group>"; };
		820F05CE288ECF3B00E690E7 /* EnvironmentSetupUITestsLaunchTests.swift */ = {isa = PBXFileReference; lastKnownFileType = sourcecode.swift; path = EnvironmentSetupUITestsLaunchTests.swift; sourceTree = "<group>"; };
/* End PBXFileReference section */

/* Begin PBXFrameworksBuildPhase section */
		820F05A5288ECF3900E690E7 /* Frameworks */ = {
			isa = PBXFrameworksBuildPhase;
			buildActionMask = 2147483647;
			files = (
			);
			runOnlyForDeploymentPostprocessing = 0;
		};
		820F05BB288ECF3B00E690E7 /* Frameworks */ = {
			isa = PBXFrameworksBuildPhase;
			buildActionMask = 2147483647;
			files = (
			);
			runOnlyForDeploymentPostprocessing = 0;
		};
		820F05C5288ECF3B00E690E7 /* Frameworks */ = {
			isa = PBXFrameworksBuildPhase;
			buildActionMask = 2147483647;
			files = (
			);
			runOnlyForDeploymentPostprocessing = 0;
		};
/* End PBXFrameworksBuildPhase section */

/* Begin PBXGroup section */
		820F059F288ECF3900E690E7 = {
			isa = PBXGroup;
			children = (
				820F05AA288ECF3900E690E7 /* EnvironmentSetup */,
				820F05C1288ECF3B00E690E7 /* EnvironmentSetupTests */,
				820F05CB288ECF3B00E690E7 /* EnvironmentSetupUITests */,
				820F05A9288ECF3900E690E7 /* Products */,
			);
			sourceTree = "<group>";
		};
		820F05A9288ECF3900E690E7 /* Products */ = {
			isa = PBXGroup;
			children = (
				820F05A8288ECF3900E690E7 /* EnvironmentSetup.app */,
				820F05BE288ECF3B00E690E7 /* EnvironmentSetupTests.xctest */,
				820F05C8288ECF3B00E690E7 /* EnvironmentSetupUITests.xctest */,
			);
			name = Products;
			sourceTree = "<group>";
		};
		820F05AA288ECF3900E690E7 /* EnvironmentSetup */ = {
			isa = PBXGroup;
			children = (
				820F05AB288ECF3900E690E7 /* EnvironmentSetupApp.swift */,
				820F05AD288ECF3900E690E7 /* Persistence.swift */,
				820F05B2288ECF3900E690E7 /* ContentView.swift */,
				820F05B4288ECF3A00E690E7 /* Assets.xcassets */,
				820F05B6288ECF3A00E690E7 /* EnvironmentSetup.entitlements */,
				820F05AF288ECF3900E690E7 /* EnvironmentSetup.xcdatamodeld */,
				820F05B7288ECF3A00E690E7 /* Preview Content */,
			);
			path = EnvironmentSetup;
			sourceTree = "<group>";
		};
		820F05B7288ECF3A00E690E7 /* Preview Content */ = {
			isa = PBXGroup;
			children = (
				820F05B8288ECF3A00E690E7 /* Preview Assets.xcassets */,
			);
			path = "Preview Content";
			sourceTree = "<group>";
		};
		820F05C1288ECF3B00E690E7 /* EnvironmentSetupTests */ = {
			isa = PBXGroup;
			children = (
				820F05C2288ECF3B00E690E7 /* EnvironmentSetupTests.swift */,
			);
			path = EnvironmentSetupTests;
			sourceTree = "<group>";
		};
		820F05CB288ECF3B00E690E7 /* EnvironmentSetupUITests */ = {
			isa = PBXGroup;
			children = (
				820F05CC288ECF3B00E690E7 /* EnvironmentSetupUITests.swift */,
				820F05CE288ECF3B00E690E7 /* EnvironmentSetupUITestsLaunchTests.swift */,
			);
			path = EnvironmentSetupUITests;
			sourceTree = "<group>";
		};
/* End PBXGroup section */

/* Begin PBXNativeTarget section */
		820F05A7288ECF3900E690E7 /* EnvironmentSetup */ = {
			isa = PBXNativeTarget;
			buildConfigurationList = 820F05D2288ECF3B00E690E7 /* Build configuration list for PBXNativeTarget "EnvironmentSetup" */;
			buildPhases = (
				820F05A4288ECF3900E690E7 /* Sources */,
				820F05A5288ECF3900E690E7 /* Frameworks */,
				820F05A6288ECF3900E690E7 /* Resources */,
			);
			buildRules = (
			);
			dependencies = (
			);
			name = EnvironmentSetup;
			productName = EnvironmentSetup;
			productReference = 820F05A8288ECF3900E690E7 /* EnvironmentSetup.app */;
			productType = "com.apple.product-type.application";
		};
		820F05BD288ECF3B00E690E7 /* EnvironmentSetupTests */ = {
			isa = PBXNativeTarget;
			buildConfigurationList = 820F05D5288ECF3B00E690E7 /* Build configuration list for PBXNativeTarget "EnvironmentSetupTests" */;
			buildPhases = (
				820F05BA288ECF3B00E690E7 /* Sources */,
				820F05BB288ECF3B00E690E7 /* Frameworks */,
				820F05BC288ECF3B00E690E7 /* Resources */,
			);
			buildRules = (
			);
			dependencies = (
				820F05C0288ECF3B00E690E7 /* PBXTargetDependency */,
			);
			name = EnvironmentSetupTests;
			productName = EnvironmentSetupTests;
			productReference = 820F05BE288ECF3B00E690E7 /* EnvironmentSetupTests.xctest */;
			productType = "com.apple.product-type.bundle.unit-test";
		};
		820F05C7288ECF3B00E690E7 /* EnvironmentSetupUITests */ = {
			isa = PBXNativeTarget;
			buildConfigurationList = 820F05D8288ECF3B00E690E7 /* Build configuration list for PBXNativeTarget "EnvironmentSetupUITests" */;
			buildPhases = (
				820F05C4288ECF3B00E690E7 /* Sources */,
				820F05C5288ECF3B00E690E7 /* Frameworks */,
				820F05C6288ECF3B00E690E7 /* Resources */,
			);
			buildRules = (
			);
			dependencies = (
				820F05CA288ECF3B00E690E7 /* PBXTargetDependency */,
			);
			name = EnvironmentSetupUITests;
			productName = EnvironmentSetupUITests;
			productReference = 820F05C8288ECF3B00E690E7 /* EnvironmentSetupUITests.xctest */;
			productType = "com.apple.product-type.bundle.ui-testing";
		};
/* End PBXNativeTarget section */

/* Begin PBXProject section */
		820F05A0288ECF3900E690E7 /* Project object */ = {
			isa = PBXProject;
			attributes = {
				BuildIndependentTargetsInParallel = 1;
				LastSwiftUpdateCheck = 1400;
				LastUpgradeCheck = 1400;
				TargetAttributes = {
					820F05A7288ECF3900E690E7 = {
						CreatedOnToolsVersion = 14.0;
					};
					820F05BD288ECF3B00E690E7 = {
						CreatedOnToolsVersion = 14.0;
						TestTargetID = 820F05A7288ECF3900E690E7;
					};
					820F05C7288ECF3B00E690E7 = {
						CreatedOnToolsVersion = 14.0;
						TestTargetID = 820F05A7288ECF3900E690E7;
					};
				};
			};
			buildConfigurationList = 820F05A3288ECF3900E690E7 /* Build configuration list for PBXProject "EnvironmentSetup" */;
			compatibilityVersion = "Xcode 14.0";
			developmentRegion = en;
			hasScannedForEncodings = 0;
			knownRegions = (
				en,
				Base,
			);
			mainGroup = 820F059F288ECF3900E690E7;
			productRefGroup = 820F05A9288ECF3900E690E7 /* Products */;
			projectDirPath = "";
			projectRoot = "";
			targets = (
				820F05A7288ECF3900E690E7 /* EnvironmentSetup */,
				820F05BD288ECF3B00E690E7 /* EnvironmentSetupTests */,
				820F05C7288ECF3B00E690E7 /* EnvironmentSetupUITests */,
			);
		};
/* End PBXProject section */

/* Begin PBXResourcesBuildPhase section */
		820F05A6288ECF3900E690E7 /* Resources */ = {
			isa = PBXResourcesBuildPhase;
			buildActionMask = 2147483647;
			files = (
				820F05B9288ECF3A00E690E7 /* Preview Assets.xcassets in Resources */,
				820F05B5288ECF3A00E690E7 /* Assets.xcassets in Resources */,
			);
			runOnlyForDeploymentPostprocessing = 0;
		};
		820F05BC288ECF3B00E690E7 /* Resources */ = {
			isa = PBXResourcesBuildPhase;
			buildActionMask = 2147483647;
			files = (
			);
			runOnlyForDeploymentPostprocessing = 0;
		};
		820F05C6288ECF3B00E690E7 /* Resources */ = {
			isa = PBXResourcesBuildPhase;
			buildActionMask = 2147483647;
			files = (
			);
			runOnlyForDeploymentPostprocessing = 0;
		};
/* End PBXResourcesBuildPhase section */

/* Begin PBXSourcesBuildPhase section */
		820F05A4288ECF3900E690E7 /* Sources */ = {
			isa = PBXSourcesBuildPhase;
			buildActionMask = 2147483647;
			files = (
				820F05B1288ECF3900E690E7 /* EnvironmentSetup.xcdatamodeld in Sources */,
				820F05AC288ECF3900E690E7 /* EnvironmentSetupApp.swift in Sources */,
				820F05B3288ECF3900E690E7 /* ContentView.swift in Sources */,
				820F05AE288ECF3900E690E7 /* Persistence.swift in Sources */,
			);
			runOnlyForDeploymentPostprocessing = 0;
		};
		820F05BA288ECF3B00E690E7 /* Sources */ = {
			isa = PBXSourcesBuildPhase;
			buildActionMask = 2147483647;
			files = (
				820F05C3288ECF3B00E690E7 /* EnvironmentSetupTests.swift in Sources */,
			);
			runOnlyForDeploymentPostprocessing = 0;
		};
		820F05C4288ECF3B00E690E7 /* Sources */ = {
			isa = PBXSourcesBuildPhase;
			buildActionMask = 2147483647;
			files = (
				820F05CF288ECF3B00E690E7 /* EnvironmentSetupUITestsLaunchTests.swift in Sources */,
				820F05CD288ECF3B00E690E7 /* EnvironmentSetupUITests.swift in Sources */,
			);
			runOnlyForDeploymentPostprocessing = 0;
		};
/* End PBXSourcesBuildPhase section */

/* Begin PBXTargetDependency section */
		820F05C0288ECF3B00E690E7 /* PBXTargetDependency */ = {
			isa = PBXTargetDependency;
			target = 820F05A7288ECF3900E690E7 /* EnvironmentSetup */;
			targetProxy = 820F05BF288ECF3B00E690E7 /* PBXContainerItemProxy */;
		};
		820F05CA288ECF3B00E690E7 /* PBXTargetDependency */ = {
			isa = PBXTargetDependency;
			target = 820F05A7288ECF3900E690E7 /* EnvironmentSetup */;
			targetProxy = 820F05C9288ECF3B00E690E7 /* PBXContainerItemProxy */;
		};
/* End PBXTargetDependency section */

/* Begin XCBuildConfiguration section */
		820F05D0288ECF3B00E690E7 /* Debug */ = {
			isa = XCBuildConfiguration;
			buildSettings = {
				ALWAYS_SEARCH_USER_PATHS = NO;
				CLANG_ANALYZER_NONNULL = YES;
				CLANG_ANALYZER_NUMBER_OBJECT_CONVERSION = YES_AGGRESSIVE;
				CLANG_CXX_LANGUAGE_STANDARD = "gnu++17";
				CLANG_ENABLE_MODULES = YES;
				CLANG_ENABLE_OBJC_ARC = YES;
				CLANG_ENABLE_OBJC_WEAK = YES;
				CLANG_WARN_BLOCK_CAPTURE_AUTORELEASING = YES;
				CLANG_WARN_BOOL_CONVERSION = YES;
				CLANG_WARN_COMMA = YES;
				CLANG_WARN_CONSTANT_CONVERSION = YES;
				CLANG_WARN_DEPRECATED_OBJC_IMPLEMENTATIONS = YES;
				CLANG_WARN_DIRECT_OBJC_ISA_USAGE = YES_ERROR;
				CLANG_WARN_DOCUMENTATION_COMMENTS = YES;
				CLANG_WARN_EMPTY_BODY = YES;
				CLANG_WARN_ENUM_CONVERSION = YES;
				CLANG_WARN_INFINITE_RECURSION = YES;
				CLANG_WARN_INT_CONVERSION = YES;
				CLANG_WARN_NON_LITERAL_NULL_CONVERSION = YES;
				CLANG_WARN_OBJC_IMPLICIT_RETAIN_SELF = YES;
				CLANG_WARN_OBJC_LITERAL_CONVERSION = YES;
				CLANG_WARN_OBJC_ROOT_CLASS = YES_ERROR;
				CLANG_WARN_QUOTED_INCLUDE_IN_FRAMEWORK_HEADER = YES;
				CLANG_WARN_RANGE_LOOP_ANALYSIS = YES;
				CLANG_WARN_STRICT_PROTOTYPES = YES;
				CLANG_WARN_SUSPICIOUS_MOVE = YES;
				CLANG_WARN_UNGUARDED_AVAILABILITY = YES_AGGRESSIVE;
				CLANG_WARN_UNREACHABLE_CODE = YES;
				CLANG_WARN__DUPLICATE_METHOD_MATCH = YES;
				COPY_PHASE_STRIP = NO;
				DEBUG_INFORMATION_FORMAT = dwarf;
				ENABLE_STRICT_OBJC_MSGSEND = YES;
				ENABLE_TESTABILITY = YES;
				GCC_C_LANGUAGE_STANDARD = gnu11;
				GCC_DYNAMIC_NO_PIC = NO;
				GCC_NO_COMMON_BLOCKS = YES;
				GCC_OPTIMIZATION_LEVEL = 0;
				GCC_PREPROCESSOR_DEFINITIONS = (
					"DEBUG=1",
					"$(inherited)",
				);
				GCC_WARN_64_TO_32_BIT_CONVERSION = YES;
				GCC_WARN_ABOUT_RETURN_TYPE = YES_ERROR;
				GCC_WARN_UNDECLARED_SELECTOR = YES;
				GCC_WARN_UNINITIALIZED_AUTOS = YES_AGGRESSIVE;
				GCC_WARN_UNUSED_FUNCTION = YES;
				GCC_WARN_UNUSED_VARIABLE = YES;
				MTL_ENABLE_DEBUG_INFO = INCLUDE_SOURCE;
				MTL_FAST_MATH = YES;
				ONLY_ACTIVE_ARCH = YES;
				SWIFT_ACTIVE_COMPILATION_CONDITIONS = DEBUG;
				SWIFT_OPTIMIZATION_LEVEL = "-Onone";
			};
			name = Debug;
		};
		820F05D1288ECF3B00E690E7 /* Release */ = {
			isa = XCBuildConfiguration;
			buildSettings = {
				ALWAYS_SEARCH_USER_PATHS = NO;
				CLANG_ANALYZER_NONNULL = YES;
				CLANG_ANALYZER_NUMBER_OBJECT_CONVERSION = YES_AGGRESSIVE;
				CLANG_CXX_LANGUAGE_STANDARD = "gnu++17";
				CLANG_ENABLE_MODULES = YES;
				CLANG_ENABLE_OBJC_ARC = YES;
				CLANG_ENABLE_OBJC_WEAK = YES;
				CLANG_WARN_BLOCK_CAPTURE_AUTORELEASING = YES;
				CLANG_WARN_BOOL_CONVERSION = YES;
				CLANG_WARN_COMMA = YES;
				CLANG_WARN_CONSTANT_CONVERSION = YES;
				CLANG_WARN_DEPRECATED_OBJC_IMPLEMENTATIONS = YES;
				CLANG_WARN_DIRECT_OBJC_ISA_USAGE = YES_ERROR;
				CLANG_WARN_DOCUMENTATION_COMMENTS = YES;
				CLANG_WARN_EMPTY_BODY = YES;
				CLANG_WARN_ENUM_CONVERSION = YES;
				CLANG_WARN_INFINITE_RECURSION = YES;
				CLANG_WARN_INT_CONVERSION = YES;
				CLANG_WARN_NON_LITERAL_NULL_CONVERSION = YES;
				CLANG_WARN_OBJC_IMPLICIT_RETAIN_SELF = YES;
				CLANG_WARN_OBJC_LITERAL_CONVERSION = YES;
				CLANG_WARN_OBJC_ROOT_CLASS = YES_ERROR;
				CLANG_WARN_QUOTED_INCLUDE_IN_FRAMEWORK_HEADER = YES;
				CLANG_WARN_RANGE_LOOP_ANALYSIS = YES;
				CLANG_WARN_STRICT_PROTOTYPES = YES;
				CLANG_WARN_SUSPICIOUS_MOVE = YES;
				CLANG_WARN_UNGUARDED_AVAILABILITY = YES_AGGRESSIVE;
				CLANG_WARN_UNREACHABLE_CODE = YES;
				CLANG_WARN__DUPLICATE_METHOD_MATCH = YES;
				COPY_PHASE_STRIP = NO;
				DEBUG_INFORMATION_FORMAT = "dwarf-with-dsym";
				ENABLE_NS_ASSERTIONS = NO;
				ENABLE_STRICT_OBJC_MSGSEND = YES;
				GCC_C_LANGUAGE_STANDARD = gnu11;
				GCC_NO_COMMON_BLOCKS = YES;
				GCC_WARN_64_TO_32_BIT_CONVERSION = YES;
				GCC_WARN_ABOUT_RETURN_TYPE = YES_ERROR;
				GCC_WARN_UNDECLARED_SELECTOR = YES;
				GCC_WARN_UNINITIALIZED_AUTOS = YES_AGGRESSIVE;
				GCC_WARN_UNUSED_FUNCTION = YES;
				GCC_WARN_UNUSED_VARIABLE = YES;
				MTL_ENABLE_DEBUG_INFO = NO;
				MTL_FAST_MATH = YES;
				SWIFT_COMPILATION_MODE = wholemodule;
				SWIFT_OPTIMIZATION_LEVEL = "-O";
			};
			name = Release;
		};
		820F05D3288ECF3B00E690E7 /* Debug */ = {
			isa = XCBuildConfiguration;
			buildSettings = {
				ASSETCATALOG_COMPILER_APPICON_NAME = AppIcon;
				ASSETCATALOG_COMPILER_GLOBAL_ACCENT_COLOR_NAME = AccentColor;
				CODE_SIGN_ENTITLEMENTS = EnvironmentSetup/EnvironmentSetup.entitlements;
				CODE_SIGN_STYLE = Automatic;
				CURRENT_PROJECT_VERSION = 1;
				DEVELOPMENT_ASSET_PATHS = "\"EnvironmentSetup/Preview Content\"";
				DEVELOPMENT_TEAM = KFNC75D85N;
				ENABLE_HARDENED_RUNTIME = YES;
				ENABLE_PREVIEWS = YES;
				GENERATE_INFOPLIST_FILE = YES;
				"INFOPLIST_KEY_UILaunchScreen_Generation[sdk=iphoneos*]" = YES;
				"INFOPLIST_KEY_UILaunchScreen_Generation[sdk=iphonesimulator*]" = YES;
				INFOPLIST_KEY_UISupportedInterfaceOrientations_iPad = "UIInterfaceOrientationPortrait UIInterfaceOrientationPortraitUpsideDown UIInterfaceOrientationLandscapeLeft UIInterfaceOrientationLandscapeRight";
				INFOPLIST_KEY_UISupportedInterfaceOrientations_iPhone = "UIInterfaceOrientationPortrait UIInterfaceOrientationLandscapeLeft UIInterfaceOrientationLandscapeRight";
				IPHONEOS_DEPLOYMENT_TARGET = 16.0;
				LD_RUNPATH_SEARCH_PATHS = "@executable_path/Frameworks";
				"LD_RUNPATH_SEARCH_PATHS[sdk=macosx*]" = "@executable_path/../Frameworks";
				MACOSX_DEPLOYMENT_TARGET = 13.0;
				MARKETING_VERSION = 1.0;
				PRODUCT_BUNDLE_IDENTIFIER = com.isparshit.EnvironmentSetup;
				PRODUCT_NAME = "$(TARGET_NAME)";
				SDKROOT = auto;
				SUPPORTED_PLATFORMS = "iphoneos iphonesimulator macosx";
				SWIFT_EMIT_LOC_STRINGS = YES;
				SWIFT_VERSION = 5.0;
				TARGETED_DEVICE_FAMILY = "1,2";
			};
			name = Debug;
		};
		820F05D4288ECF3B00E690E7 /* Release */ = {
			isa = XCBuildConfiguration;
			buildSettings = {
				ASSETCATALOG_COMPILER_APPICON_NAME = AppIcon;
				ASSETCATALOG_COMPILER_GLOBAL_ACCENT_COLOR_NAME = AccentColor;
				CODE_SIGN_ENTITLEMENTS = EnvironmentSetup/EnvironmentSetup.entitlements;
				CODE_SIGN_STYLE = Automatic;
				CURRENT_PROJECT_VERSION = 1;
				DEVELOPMENT_ASSET_PATHS = "\"EnvironmentSetup/Preview Content\"";
				DEVELOPMENT_TEAM = KFNC75D85N;
				ENABLE_HARDENED_RUNTIME = YES;
				ENABLE_PREVIEWS = YES;
				GENERATE_INFOPLIST_FILE = YES;
				"INFOPLIST_KEY_UILaunchScreen_Generation[sdk=iphoneos*]" = YES;
				"INFOPLIST_KEY_UILaunchScreen_Generation[sdk=iphonesimulator*]" = YES;
				INFOPLIST_KEY_UISupportedInterfaceOrientations_iPad = "UIInterfaceOrientationPortrait UIInterfaceOrientationPortraitUpsideDown UIInterfaceOrientationLandscapeLeft UIInterfaceOrientationLandscapeRight";
				INFOPLIST_KEY_UISupportedInterfaceOrientations_iPhone = "UIInterfaceOrientationPortrait UIInterfaceOrientationLandscapeLeft UIInterfaceOrientationLandscapeRight";
				IPHONEOS_DEPLOYMENT_TARGET = 16.0;
				LD_RUNPATH_SEARCH_PATHS = "@executable_path/Frameworks";
				"LD_RUNPATH_SEARCH_PATHS[sdk=macosx*]" = "@executable_path/../Frameworks";
				MACOSX_DEPLOYMENT_TARGET = 13.0;
				MARKETING_VERSION = 1.0;
				PRODUCT_BUNDLE_IDENTIFIER = com.isparshit.EnvironmentSetup;
				PRODUCT_NAME = "$(TARGET_NAME)";
				SDKROOT = auto;
				SUPPORTED_PLATFORMS = "iphoneos iphonesimulator macosx";
				SWIFT_EMIT_LOC_STRINGS = YES;
				SWIFT_VERSION = 5.0;
				TARGETED_DEVICE_FAMILY = "1,2";
			};
			name = Release;
		};
		820F05D6288ECF3B00E690E7 /* Debug */ = {
			isa = XCBuildConfiguration;
			buildSettings = {
				ALWAYS_EMBED_SWIFT_STANDARD_LIBRARIES = YES;
				BUNDLE_LOADER = "$(TEST_HOST)";
				CODE_SIGN_STYLE = Automatic;
				CURRENT_PROJECT_VERSION = 1;
				DEVELOPMENT_TEAM = KFNC75D85N;
				GENERATE_INFOPLIST_FILE = YES;
				IPHONEOS_DEPLOYMENT_TARGET = 16.0;
				MACOSX_DEPLOYMENT_TARGET = 13.0;
				MARKETING_VERSION = 1.0;
				PRODUCT_BUNDLE_IDENTIFIER = com.isparshit.EnvironmentSetupTests;
				PRODUCT_NAME = "$(TARGET_NAME)";
				SDKROOT = auto;
				SUPPORTED_PLATFORMS = "iphoneos iphonesimulator macosx";
				SWIFT_EMIT_LOC_STRINGS = NO;
				SWIFT_VERSION = 5.0;
				TARGETED_DEVICE_FAMILY = "1,2";
				TEST_HOST = "$(BUILT_PRODUCTS_DIR)/EnvironmentSetup.app/$(BUNDLE_EXECUTABLE_FOLDER_PATH)/EnvironmentSetup";
			};
			name = Debug;
		};
		820F05D7288ECF3B00E690E7 /* Release */ = {
			isa = XCBuildConfiguration;
			buildSettings = {
				ALWAYS_EMBED_SWIFT_STANDARD_LIBRARIES = YES;
				BUNDLE_LOADER = "$(TEST_HOST)";
				CODE_SIGN_STYLE = Automatic;
				CURRENT_PROJECT_VERSION = 1;
				DEVELOPMENT_TEAM = KFNC75D85N;
				GENERATE_INFOPLIST_FILE = YES;
				IPHONEOS_DEPLOYMENT_TARGET = 16.0;
				MACOSX_DEPLOYMENT_TARGET = 13.0;
				MARKETING_VERSION = 1.0;
				PRODUCT_BUNDLE_IDENTIFIER = com.isparshit.EnvironmentSetupTests;
				PRODUCT_NAME = "$(TARGET_NAME)";
				SDKROOT = auto;
				SUPPORTED_PLATFORMS = "iphoneos iphonesimulator macosx";
				SWIFT_EMIT_LOC_STRINGS = NO;
				SWIFT_VERSION = 5.0;
				TARGETED_DEVICE_FAMILY = "1,2";
				TEST_HOST = "$(BUILT_PRODUCTS_DIR)/EnvironmentSetup.app/$(BUNDLE_EXECUTABLE_FOLDER_PATH)/EnvironmentSetup";
			};
			name = Release;
		};
		820F05D9288ECF3B00E690E7 /* Debug */ = {
			isa = XCBuildConfiguration;
			buildSettings = {
				ALWAYS_EMBED_SWIFT_STANDARD_LIBRARIES = YES;
				CODE_SIGN_STYLE = Automatic;
				CURRENT_PROJECT_VERSION = 1;
				DEVELOPMENT_TEAM = KFNC75D85N;
				GENERATE_INFOPLIST_FILE = YES;
				IPHONEOS_DEPLOYMENT_TARGET = 16.0;
				MACOSX_DEPLOYMENT_TARGET = 13.0;
				MARKETING_VERSION = 1.0;
				PRODUCT_BUNDLE_IDENTIFIER = com.isparshit.EnvironmentSetupUITests;
				PRODUCT_NAME = "$(TARGET_NAME)";
				SDKROOT = auto;
				SUPPORTED_PLATFORMS = "iphoneos iphonesimulator macosx";
				SWIFT_EMIT_LOC_STRINGS = NO;
				SWIFT_VERSION = 5.0;
				TARGETED_DEVICE_FAMILY = "1,2";
				TEST_TARGET_NAME = EnvironmentSetup;
			};
			name = Debug;
		};
		820F05DA288ECF3B00E690E7 /* Release */ = {
			isa = XCBuildConfiguration;
			buildSettings = {
				ALWAYS_EMBED_SWIFT_STANDARD_LIBRARIES = YES;
				CODE_SIGN_STYLE = Automatic;
				CURRENT_PROJECT_VERSION = 1;
				DEVELOPMENT_TEAM = KFNC75D85N;
				GENERATE_INFOPLIST_FILE = YES;
				IPHONEOS_DEPLOYMENT_TARGET = 16.0;
				MACOSX_DEPLOYMENT_TARGET = 13.0;
				MARKETING_VERSION = 1.0;
				PRODUCT_BUNDLE_IDENTIFIER = com.isparshit.EnvironmentSetupUITests;
				PRODUCT_NAME = "$(TARGET_NAME)";
				SDKROOT = auto;
				SUPPORTED_PLATFORMS = "iphoneos iphonesimulator macosx";
				SWIFT_EMIT_LOC_STRINGS = NO;
				SWIFT_VERSION = 5.0;
				TARGETED_DEVICE_FAMILY = "1,2";
				TEST_TARGET_NAME = EnvironmentSetup;
			};
			name = Release;
		};
/* End XCBuildConfiguration section */

/* Begin XCConfigurationList section */
		820F05A3288ECF3900E690E7 /* Build configuration list for PBXProject "EnvironmentSetup" */ = {
			isa = XCConfigurationList;
			buildConfigurations = (
				820F05D0288ECF3B00E690E7 /* Debug */,
				820F05D1288ECF3B00E690E7 /* Release */,
			);
			defaultConfigurationIsVisible = 0;
			defaultConfigurationName = Release;
		};
		820F05D2288ECF3B00E690E7 /* Build configuration list for PBXNativeTarget "EnvironmentSetup" */ = {
			isa = XCConfigurationList;
			buildConfigurations = (
				820F05D3288ECF3B00E690E7 /* Debug */,
				820F05D4288ECF3B00E690E7 /* Release */,
			);
			defaultConfigurationIsVisible = 0;
			defaultConfigurationName = Release;
		};
		820F05D5288ECF3B00E690E7 /* Build configuration list for PBXNativeTarget "EnvironmentSetupTests" */ = {
			isa = XCConfigurationList;
			buildConfigurations = (
				820F05D6288ECF3B00E690E7 /* Debug */,
				820F05D7288ECF3B00E690E7 /* Release */,
			);
			defaultConfigurationIsVisible = 0;
			defaultConfigurationName = Release;
		};
		820F05D8288ECF3B00E690E7 /* Build configuration list for PBXNativeTarget "EnvironmentSetupUITests" */ = {
			isa = XCConfigurationList;
			buildConfigurations = (
				820F05D9288ECF3B00E690E7 /* Debug */,
				820F05DA288ECF3B00E690E7 /* Release */,
			);
			defaultConfigurationIsVisible = 0;
			defaultConfigurationName = Release;
		};
/* End XCConfigurationList section */

/* Begin XCVersionGroup section */
		820F05AF288ECF3900E690E7 /* EnvironmentSetup.xcdatamodeld */ = {
			isa = XCVersionGroup;
			children = (
				820F05B0288ECF3900E690E7 /* EnvironmentSetup.xcdatamodel */,
			);
			currentVersion = 820F05B0288ECF3900E690E7 /* EnvironmentSetup.xcdatamodel */;
			path = EnvironmentSetup.xcdatamodeld;
			sourceTree = "<group>";
			versionGroupType = wrapper.xcdatamodel;
		};
/* End XCVersionGroup section */
	};
	rootObject = 820F05A0288ECF3900E690E7 /* Project object */;
}
